
Microsoft Visual Studio Solution File, Format Version 12.00
# Visual Studio Version 16
VisualStudioVersion = 16.0.31129.286
MinimumVisualStudioVersion = 10.0.40219.1
Project("{FAE04EC0-301F-11D3-BF4B-00C04F79EFBC}") = "RSMachine", "RSMachine.csproj", "{E36DDD1A-974E-47A7-98D7-29F19AF2AE01}"
EndProject
Project("{FAE04EC0-301F-11D3-BF4B-00C04F79EFBC}") = "RSMachine_Models", "..\RSMachine_Models\RSMachine_Models.csproj", "{DDE5AEDE-BAD9-4B34-95EB-C4B88D804915}"
EndProject
Project("{FAE04EC0-301F-11D3-BF4B-00C04F79EFBC}") = "RSMachine_DataAccess", "..\RSMachine_DataAccess\RSMachine_DataAccess.csproj", "{2868FBFA-EF1E-4DCF-A6F7-950898601508}"
EndProject
Project("{FAE04EC0-301F-11D3-BF4B-00C04F79EFBC}") = "RSMachine_Utility", "..\RSMachine_Utility\RSMachine_Utility.csproj", "{6E2FCEC0-4652-4674-9A17-8913BB6B416F}"
EndProject
Global
	GlobalSection(SolutionConfigurationPlatforms) = preSolution
		Debug|Any CPU = Debug|Any CPU
		Release|Any CPU = Release|Any CPU
	EndGlobalSection
	GlobalSection(ProjectConfigurationPlatforms) = postSolution
		{E36DDD1A-974E-47A7-98D7-29F19AF2AE01}.Debug|Any CPU.ActiveCfg = Debug|Any CPU
		{E36DDD1A-974E-47A7-98D7-29F19AF2AE01}.Debug|Any CPU.Build.0 = Debug|Any CPU
		{E36DDD1A-974E-47A7-98D7-29F19AF2AE01}.Release|Any CPU.ActiveCfg = Release|Any CPU
		{E36DDD1A-974E-47A7-98D7-29F19AF2AE01}.Release|Any CPU.Build.0 = Release|Any CPU
		{DDE5AEDE-BAD9-4B34-95EB-C4B88D804915}.Debug|Any CPU.ActiveCfg = Debug|Any CPU
		{DDE5AEDE-BAD9-4B34-95EB-C4B88D804915}.Debug|Any CPU.Build.0 = Debug|Any CPU
		{DDE5AEDE-BAD9-4B34-95EB-C4B88D804915}.Release|Any CPU.ActiveCfg = Release|Any CPU
		{DDE5AEDE-BAD9-4B34-95EB-C4B88D804915}.Release|Any CPU.Build.0 = Release|Any CPU
		{2868FBFA-EF1E-4DCF-A6F7-950898601508}.Debug|Any CPU.ActiveCfg = Debug|Any CPU
		{2868FBFA-EF1E-4DCF-A6F7-950898601508}.Debug|Any CPU.Build.0 = Debug|Any CPU
		{2868FBFA-EF1E-4DCF-A6F7-950898601508}.Release|Any CPU.ActiveCfg = Release|Any CPU
		{2868FBFA-EF1E-4DCF-A6F7-950898601508}.Release|Any CPU.Build.0 = Release|Any CPU
		{6E2FCEC0-4652-4674-9A17-8913BB6B416F}.Debug|Any CPU.ActiveCfg = Debug|Any CPU
		{6E2FCEC0-4652-4674-9A17-8913BB6B416F}.Debug|Any CPU.Build.0 = Debug|Any CPU
		{6E2FCEC0-4652-4674-9A17-8913BB6B416F}.Release|Any CPU.ActiveCfg = Release|Any CPU
		{6E2FCEC0-4652-4674-9A17-8913BB6B416F}.Release|Any CPU.Build.0 = Release|Any CPU
	EndGlobalSection
	GlobalSection(SolutionProperties) = preSolution
		HideSolutionNode = FALSE
	EndGlobalSection
	GlobalSection(ExtensibilityGlobals) = postSolution
		SolutionGuid = {7A44B7C8-8A40-474C-AB80-1AD84CFF8BFC}
	EndGlobalSection
EndGlobal
